
Microsoft Visual Studio Solution File, Format Version 12.00
# Visual Studio Version 17
VisualStudioVersion = 17.2.32526.322
MinimumVisualStudioVersion = 10.0.40219.1
Project("{FAE04EC0-301F-11D3-BF4B-00C04F79EFBC}") = "JKLauncher", "JKLauncher\JKLauncher.csproj", "{ABE44B80-9560-469D-A32D-473C7493CEA0}"
EndProject
Global
	GlobalSection(SolutionConfigurationPlatforms) = preSolution
		Debug|Any CPU = Debug|Any CPU
		Release|Any CPU = Release|Any CPU
	EndGlobalSection
	GlobalSection(ProjectConfigurationPlatforms) = postSolution
		{ABE44B80-9560-469D-A32D-473C7493CEA0}.Debug|Any CPU.ActiveCfg = Debug|Any CPU
		{ABE44B80-9560-469D-A32D-473C7493CEA0}.Debug|Any CPU.Build.0 = Debug|Any CPU
		{ABE44B80-9560-469D-A32D-473C7493CEA0}.Release|Any CPU.ActiveCfg = Release|Any CPU
		{ABE44B80-9560-469D-A32D-473C7493CEA0}.Release|Any CPU.Build.0 = Release|Any CPU
	EndGlobalSection
	GlobalSection(SolutionProperties) = preSolution
		HideSolutionNode = FALSE
	EndGlobalSection
	GlobalSection(ExtensibilityGlobals) = postSolution
		SolutionGuid = {9B54BBB6-D4B6-4100-9EAC-FA0C7C1DB4B5}
	EndGlobalSection
EndGlobal
